
Microsoft Visual Studio Solution File, Format Version 12.00
# Visual Studio Version 17
VisualStudioVersion = 17.2.32630.192
MinimumVisualStudioVersion = 10.0.40219.1
Project("{FAE04EC0-301F-11D3-BF4B-00C04F79EFBC}") = "ATM", "ATM\ATM.csproj", "{BCE2D33C-C42D-49EA-94E4-BC87E969C6A7}"
EndProject
Global
	GlobalSection(SolutionConfigurationPlatforms) = preSolution
		Debug|Any CPU = Debug|Any CPU
		Release|Any CPU = Release|Any CPU
	EndGlobalSection
	GlobalSection(ProjectConfigurationPlatforms) = postSolution
		{BCE2D33C-C42D-49EA-94E4-BC87E969C6A7}.Debug|Any CPU.ActiveCfg = Debug|Any CPU
		{BCE2D33C-C42D-49EA-94E4-BC87E969C6A7}.Debug|Any CPU.Build.0 = Debug|Any CPU
		{BCE2D33C-C42D-49EA-94E4-BC87E969C6A7}.Release|Any CPU.ActiveCfg = Release|Any CPU
		{BCE2D33C-C42D-49EA-94E4-BC87E969C6A7}.Release|Any CPU.Build.0 = Release|Any CPU
	EndGlobalSection
	GlobalSection(SolutionProperties) = preSolution
		HideSolutionNode = FALSE
	EndGlobalSection
	GlobalSection(ExtensibilityGlobals) = postSolution
		SolutionGuid = {19BAC809-F3E0-44AE-B4C7-1910A1E46CD5}
	EndGlobalSection
EndGlobal
